
Microsoft Visual Studio Solution File, Format Version 12.00
# Visual Studio 15
VisualStudioVersion = 15.0.26228.9
MinimumVisualStudioVersion = 10.0.40219.1
Project("{FAE04EC0-301F-11D3-BF4B-00C04F79EFBC}") = "ByteBank.Portal", "ByteBank.Portal\ByteBank.Portal.csproj", "{59802278-1430-4639-BF96-41A659363F0F}"
EndProject
Project("{FAE04EC0-301F-11D3-BF4B-00C04F79EFBC}") = "ByteBank.Service", "ByteBank.Service\ByteBank.Service.csproj", "{9EEBAC18-7AED-45A5-B7DE-E081F372BA82}"
EndProject
Global
	GlobalSection(SolutionConfigurationPlatforms) = preSolution
		Debug|Any CPU = Debug|Any CPU
		Release|Any CPU = Release|Any CPU
	EndGlobalSection
	GlobalSection(ProjectConfigurationPlatforms) = postSolution
		{59802278-1430-4639-BF96-41A659363F0F}.Debug|Any CPU.ActiveCfg = Debug|Any CPU
		{59802278-1430-4639-BF96-41A659363F0F}.Debug|Any CPU.Build.0 = Debug|Any CPU
		{59802278-1430-4639-BF96-41A659363F0F}.Release|Any CPU.ActiveCfg = Release|Any CPU
		{59802278-1430-4639-BF96-41A659363F0F}.Release|Any CPU.Build.0 = Release|Any CPU
		{9EEBAC18-7AED-45A5-B7DE-E081F372BA82}.Debug|Any CPU.ActiveCfg = Debug|Any CPU
		{9EEBAC18-7AED-45A5-B7DE-E081F372BA82}.Debug|Any CPU.Build.0 = Debug|Any CPU
		{9EEBAC18-7AED-45A5-B7DE-E081F372BA82}.Release|Any CPU.ActiveCfg = Release|Any CPU
		{9EEBAC18-7AED-45A5-B7DE-E081F372BA82}.Release|Any CPU.Build.0 = Release|Any CPU
	EndGlobalSection
	GlobalSection(SolutionProperties) = preSolution
		HideSolutionNode = FALSE
	EndGlobalSection
EndGlobal
